// !$*UTF8*$!
{
	archiveVersion = 1;
	classes = {
	};
	objectVersion = 46;
	objects = {

/* Begin PBXBuildFile section */
		3FF25BD11E7C6859008C81D4 /* AppDelegate.swift in Sources */ = {isa = PBXBuildFile; fileRef = 3FF25BD01E7C6859008C81D4 /* AppDelegate.swift */; };
		3FF25BD61E7C6859008C81D4 /* Main.storyboard in Resources */ = {isa = PBXBuildFile; fileRef = 3FF25BD41E7C6859008C81D4 /* Main.storyboard */; };
		3FF25BD81E7C6859008C81D4 /* Assets.xcassets in Resources */ = {isa = PBXBuildFile; fileRef = 3FF25BD71E7C6859008C81D4 /* Assets.xcassets */; };
		3FF25BDB1E7C6859008C81D4 /* LaunchScreen.storyboard in Resources */ = {isa = PBXBuildFile; fileRef = 3FF25BD91E7C6859008C81D4 /* LaunchScreen.storyboard */; };
		3FF25BE61E7C6859008C81D4 /* musicNavBarTests.swift in Sources */ = {isa = PBXBuildFile; fileRef = 3FF25BE51E7C6859008C81D4 /* musicNavBarTests.swift */; };
		3FF25BF11E7C6859008C81D4 /* musicNavBarUITests.swift in Sources */ = {isa = PBXBuildFile; fileRef = 3FF25BF01E7C6859008C81D4 /* musicNavBarUITests.swift */; };
		3FF25C001E7C69E6008C81D4 /* Artist.swift in Sources */ = {isa = PBXBuildFile; fileRef = 3FF25BFF1E7C69E6008C81D4 /* Artist.swift */; };
		3FF25C021E7C6B15008C81D4 /* ArtistTableViewController.swift in Sources */ = {isa = PBXBuildFile; fileRef = 3FF25C011E7C6B15008C81D4 /* ArtistTableViewController.swift */; };
		3FF25C041E7C6BC4008C81D4 /* ArtistTableViewCell.swift in Sources */ = {isa = PBXBuildFile; fileRef = 3FF25C031E7C6BC4008C81D4 /* ArtistTableViewCell.swift */; };
		3FF25C061E7C7383008C81D4 /* ArtistViewController.swift in Sources */ = {isa = PBXBuildFile; fileRef = 3FF25C051E7C7383008C81D4 /* ArtistViewController.swift */; };
		3FF25C081E7C82C8008C81D4 /* SeeMoreViewController.swift in Sources */ = {isa = PBXBuildFile; fileRef = 3FF25C071E7C82C8008C81D4 /* SeeMoreViewController.swift */; };
		3FF25C0A1E7C838A008C81D4 /* DescriptionViewController.swift in Sources */ = {isa = PBXBuildFile; fileRef = 3FF25C091E7C838A008C81D4 /* DescriptionViewController.swift */; };
		3FF25CB31E8AD54C008C81D4 /* MeuTrampoBD.xcdatamodeld in Sources */ = {isa = PBXBuildFile; fileRef = 3FF25CB11E8AD54C008C81D4 /* MeuTrampoBD.xcdatamodeld */; };
/* End PBXBuildFile section */

/* Begin PBXContainerItemProxy section */
		3FF25BE21E7C6859008C81D4 /* PBXContainerItemProxy */ = {
			isa = PBXContainerItemProxy;
			containerPortal = 3FF25BC51E7C6859008C81D4 /* Project object */;
			proxyType = 1;
			remoteGlobalIDString = 3FF25BCC1E7C6859008C81D4;
			remoteInfo = musicNavBar;
		};
		3FF25BED1E7C6859008C81D4 /* PBXContainerItemProxy */ = {
			isa = PBXContainerItemProxy;
			containerPortal = 3FF25BC51E7C6859008C81D4 /* Project object */;
			proxyType = 1;
			remoteGlobalIDString = 3FF25BCC1E7C6859008C81D4;
			remoteInfo = musicNavBar;
		};
/* End PBXContainerItemProxy section */

/* Begin PBXFileReference section */
		3FF25BCD1E7C6859008C81D4 /* musicNavBar.app */ = {isa = PBXFileReference; explicitFileType = wrapper.application; includeInIndex = 0; path = musicNavBar.app; sourceTree = BUILT_PRODUCTS_DIR; };
		3FF25BD01E7C6859008C81D4 /* AppDelegate.swift */ = {isa = PBXFileReference; lastKnownFileType = sourcecode.swift; path = AppDelegate.swift; sourceTree = "<group>"; };
		3FF25BD51E7C6859008C81D4 /* Base */ = {isa = PBXFileReference; lastKnownFileType = file.storyboard; name = Base; path = Base.lproj/Main.storyboard; sourceTree = "<group>"; };
		3FF25BD71E7C6859008C81D4 /* Assets.xcassets */ = {isa = PBXFileReference; lastKnownFileType = folder.assetcatalog; path = Assets.xcassets; sourceTree = "<group>"; };
		3FF25BDA1E7C6859008C81D4 /* Base */ = {isa = PBXFileReference; lastKnownFileType = file.storyboard; name = Base; path = Base.lproj/LaunchScreen.storyboard; sourceTree = "<group>"; };
		3FF25BDC1E7C6859008C81D4 /* Info.plist */ = {isa = PBXFileReference; lastKnownFileType = text.plist.xml; path = Info.plist; sourceTree = "<group>"; };
		3FF25BE11E7C6859008C81D4 /* musicNavBarTests.xctest */ = {isa = PBXFileReference; explicitFileType = wrapper.cfbundle; includeInIndex = 0; path = musicNavBarTests.xctest; sourceTree = BUILT_PRODUCTS_DIR; };
		3FF25BE51E7C6859008C81D4 /* musicNavBarTests.swift */ = {isa = PBXFileReference; lastKnownFileType = sourcecode.swift; path = musicNavBarTests.swift; sourceTree = "<group>"; };
		3FF25BE71E7C6859008C81D4 /* Info.plist */ = {isa = PBXFileReference; lastKnownFileType = text.plist.xml; path = Info.plist; sourceTree = "<group>"; };
		3FF25BEC1E7C6859008C81D4 /* musicNavBarUITests.xctest */ = {isa = PBXFileReference; explicitFileType = wrapper.cfbundle; includeInIndex = 0; path = musicNavBarUITests.xctest; sourceTree = BUILT_PRODUCTS_DIR; };
		3FF25BF01E7C6859008C81D4 /* musicNavBarUITests.swift */ = {isa = PBXFileReference; lastKnownFileType = sourcecode.swift; path = musicNavBarUITests.swift; sourceTree = "<group>"; };
		3FF25BF21E7C6859008C81D4 /* Info.plist */ = {isa = PBXFileReference; lastKnownFileType = text.plist.xml; path = Info.plist; sourceTree = "<group>"; };
		3FF25BFF1E7C69E6008C81D4 /* Artist.swift */ = {isa = PBXFileReference; fileEncoding = 4; lastKnownFileType = sourcecode.swift; path = Artist.swift; sourceTree = "<group>"; };
		3FF25C011E7C6B15008C81D4 /* ArtistTableViewController.swift */ = {isa = PBXFileReference; fileEncoding = 4; lastKnownFileType = sourcecode.swift; path = ArtistTableViewController.swift; sourceTree = "<group>"; };
		3FF25C031E7C6BC4008C81D4 /* ArtistTableViewCell.swift */ = {isa = PBXFileReference; fileEncoding = 4; lastKnownFileType = sourcecode.swift; path = ArtistTableViewCell.swift; sourceTree = "<group>"; };
		3FF25C051E7C7383008C81D4 /* ArtistViewController.swift */ = {isa = PBXFileReference; fileEncoding = 4; lastKnownFileType = sourcecode.swift; path = ArtistViewController.swift; sourceTree = "<group>"; };
		3FF25C071E7C82C8008C81D4 /* SeeMoreViewController.swift */ = {isa = PBXFileReference; fileEncoding = 4; lastKnownFileType = sourcecode.swift; path = SeeMoreViewController.swift; sourceTree = "<group>"; };
		3FF25C091E7C838A008C81D4 /* DescriptionViewController.swift */ = {isa = PBXFileReference; fileEncoding = 4; lastKnownFileType = sourcecode.swift; path = DescriptionViewController.swift; sourceTree = "<group>"; };
		3FF25CB21E8AD54C008C81D4 /* MeuTrampoBD.xcdatamodel */ = {isa = PBXFileReference; lastKnownFileType = wrapper.xcdatamodel; path = MeuTrampoBD.xcdatamodel; sourceTree = "<group>"; };
/* End PBXFileReference section */

/* Begin PBXFrameworksBuildPhase section */
		3FF25BCA1E7C6859008C81D4 /* Frameworks */ = {
			isa = PBXFrameworksBuildPhase;
			buildActionMask = 2147483647;
			files = (
			);
			runOnlyForDeploymentPostprocessing = 0;
		};
		3FF25BDE1E7C6859008C81D4 /* Frameworks */ = {
			isa = PBXFrameworksBuildPhase;
			buildActionMask = 2147483647;
			files = (
			);
			runOnlyForDeploymentPostprocessing = 0;
		};
		3FF25BE91E7C6859008C81D4 /* Frameworks */ = {
			isa = PBXFrameworksBuildPhase;
			buildActionMask = 2147483647;
			files = (
			);
			runOnlyForDeploymentPostprocessing = 0;
		};
/* End PBXFrameworksBuildPhase section */

/* Begin PBXGroup section */
		3FF25BC41E7C6859008C81D4 = {
			isa = PBXGroup;
			children = (
				3FF25BCF1E7C6859008C81D4 /* musicNavBar */,
				3FF25BE41E7C6859008C81D4 /* musicNavBarTests */,
				3FF25BEF1E7C6859008C81D4 /* musicNavBarUITests */,
				3FF25BCE1E7C6859008C81D4 /* Products */,
			);
			sourceTree = "<group>";
		};
		3FF25BCE1E7C6859008C81D4 /* Products */ = {
			isa = PBXGroup;
			children = (
				3FF25BCD1E7C6859008C81D4 /* musicNavBar.app */,
				3FF25BE11E7C6859008C81D4 /* musicNavBarTests.xctest */,
				3FF25BEC1E7C6859008C81D4 /* musicNavBarUITests.xctest */,
			);
			name = Products;
			sourceTree = "<group>";
		};
		3FF25BCF1E7C6859008C81D4 /* musicNavBar */ = {
			isa = PBXGroup;
			children = (
				3FF25BFE1E7C6869008C81D4 /* Support */,
				3FF25BD41E7C6859008C81D4 /* Main.storyboard */,
				3FF25CB11E8AD54C008C81D4 /* MeuTrampoBD.xcdatamodeld */,
				3FF25C091E7C838A008C81D4 /* DescriptionViewController.swift */,
				3FF25C071E7C82C8008C81D4 /* SeeMoreViewController.swift */,
				3FF25C051E7C7383008C81D4 /* ArtistViewController.swift */,
				3FF25C031E7C6BC4008C81D4 /* ArtistTableViewCell.swift */,
				3FF25BFF1E7C69E6008C81D4 /* Artist.swift */,
				3FF25C011E7C6B15008C81D4 /* ArtistTableViewController.swift */,
				3FF25BD71E7C6859008C81D4 /* Assets.xcassets */,
			);
			path = musicNavBar;
			sourceTree = "<group>";
		};
		3FF25BE41E7C6859008C81D4 /* musicNavBarTests */ = {
			isa = PBXGroup;
			children = (
				3FF25BE51E7C6859008C81D4 /* musicNavBarTests.swift */,
				3FF25BE71E7C6859008C81D4 /* Info.plist */,
			);
			path = musicNavBarTests;
			sourceTree = "<group>";
		};
		3FF25BEF1E7C6859008C81D4 /* musicNavBarUITests */ = {
			isa = PBXGroup;
			children = (
				3FF25BF01E7C6859008C81D4 /* musicNavBarUITests.swift */,
				3FF25BF21E7C6859008C81D4 /* Info.plist */,
			);
			path = musicNavBarUITests;
			sourceTree = "<group>";
		};
		3FF25BFE1E7C6869008C81D4 /* Support */ = {
			isa = PBXGroup;
			children = (
				3FF25BD01E7C6859008C81D4 /* AppDelegate.swift */,
				3FF25BD91E7C6859008C81D4 /* LaunchScreen.storyboard */,
				3FF25BDC1E7C6859008C81D4 /* Info.plist */,
			);
			name = Support;
			sourceTree = "<group>";
		};
/* End PBXGroup section */

/* Begin PBXNativeTarget section */
		3FF25BCC1E7C6859008C81D4 /* musicNavBar */ = {
			isa = PBXNativeTarget;
			buildConfigurationList = 3FF25BF51E7C6859008C81D4 /* Build configuration list for PBXNativeTarget "musicNavBar" */;
			buildPhases = (
				3FF25BC91E7C6859008C81D4 /* Sources */,
				3FF25BCA1E7C6859008C81D4 /* Frameworks */,
				3FF25BCB1E7C6859008C81D4 /* Resources */,
			);
			buildRules = (
			);
			dependencies = (
			);
			name = musicNavBar;
			productName = musicNavBar;
			productReference = 3FF25BCD1E7C6859008C81D4 /* musicNavBar.app */;
			productType = "com.apple.product-type.application";
		};
		3FF25BE01E7C6859008C81D4 /* musicNavBarTests */ = {
			isa = PBXNativeTarget;
			buildConfigurationList = 3FF25BF81E7C6859008C81D4 /* Build configuration list for PBXNativeTarget "musicNavBarTests" */;
			buildPhases = (
				3FF25BDD1E7C6859008C81D4 /* Sources */,
				3FF25BDE1E7C6859008C81D4 /* Frameworks */,
				3FF25BDF1E7C6859008C81D4 /* Resources */,
			);
			buildRules = (
			);
			dependencies = (
				3FF25BE31E7C6859008C81D4 /* PBXTargetDependency */,
			);
			name = musicNavBarTests;
			productName = musicNavBarTests;
			productReference = 3FF25BE11E7C6859008C81D4 /* musicNavBarTests.xctest */;
			productType = "com.apple.product-type.bundle.unit-test";
		};
		3FF25BEB1E7C6859008C81D4 /* musicNavBarUITests */ = {
			isa = PBXNativeTarget;
			buildConfigurationList = 3FF25BFB1E7C6859008C81D4 /* Build configuration list for PBXNativeTarget "musicNavBarUITests" */;
			buildPhases = (
				3FF25BE81E7C6859008C81D4 /* Sources */,
				3FF25BE91E7C6859008C81D4 /* Frameworks */,
				3FF25BEA1E7C6859008C81D4 /* Resources */,
			);
			buildRules = (
			);
			dependencies = (
				3FF25BEE1E7C6859008C81D4 /* PBXTargetDependency */,
			);
			name = musicNavBarUITests;
			productName = musicNavBarUITests;
			productReference = 3FF25BEC1E7C6859008C81D4 /* musicNavBarUITests.xctest */;
			productType = "com.apple.product-type.bundle.ui-testing";
		};
/* End PBXNativeTarget section */

/* Begin PBXProject section */
		3FF25BC51E7C6859008C81D4 /* Project object */ = {
			isa = PBXProject;
			attributes = {
				LastSwiftUpdateCheck = 0820;
				LastUpgradeCheck = 0820;
				ORGANIZATIONNAME = "Rafael Albuquerque";
				TargetAttributes = {
					3FF25BCC1E7C6859008C81D4 = {
						CreatedOnToolsVersion = 8.2.1;
						ProvisioningStyle = Automatic;
					};
					3FF25BE01E7C6859008C81D4 = {
						CreatedOnToolsVersion = 8.2.1;
						ProvisioningStyle = Automatic;
						TestTargetID = 3FF25BCC1E7C6859008C81D4;
					};
					3FF25BEB1E7C6859008C81D4 = {
						CreatedOnToolsVersion = 8.2.1;
						ProvisioningStyle = Automatic;
						TestTargetID = 3FF25BCC1E7C6859008C81D4;
					};
				};
			};
			buildConfigurationList = 3FF25BC81E7C6859008C81D4 /* Build configuration list for PBXProject "musicNavBar" */;
			compatibilityVersion = "Xcode 3.2";
			developmentRegion = English;
			hasScannedForEncodings = 0;
			knownRegions = (
				en,
				Base,
			);
			mainGroup = 3FF25BC41E7C6859008C81D4;
			productRefGroup = 3FF25BCE1E7C6859008C81D4 /* Products */;
			projectDirPath = "";
			projectRoot = "";
			targets = (
				3FF25BCC1E7C6859008C81D4 /* musicNavBar */,
				3FF25BE01E7C6859008C81D4 /* musicNavBarTests */,
				3FF25BEB1E7C6859008C81D4 /* musicNavBarUITests */,
			);
		};
/* End PBXProject section */

/* Begin PBXResourcesBuildPhase section */
		3FF25BCB1E7C6859008C81D4 /* Resources */ = {
			isa = PBXResourcesBuildPhase;
			buildActionMask = 2147483647;
			files = (
				3FF25BDB1E7C6859008C81D4 /* LaunchScreen.storyboard in Resources */,
				3FF25BD81E7C6859008C81D4 /* Assets.xcassets in Resources */,
				3FF25BD61E7C6859008C81D4 /* Main.storyboard in Resources */,
			);
			runOnlyForDeploymentPostprocessing = 0;
		};
		3FF25BDF1E7C6859008C81D4 /* Resources */ = {
			isa = PBXResourcesBuildPhase;
			buildActionMask = 2147483647;
			files = (
			);
			runOnlyForDeploymentPostprocessing = 0;
		};
		3FF25BEA1E7C6859008C81D4 /* Resources */ = {
			isa = PBXResourcesBuildPhase;
			buildActionMask = 2147483647;
			files = (
			);
			runOnlyForDeploymentPostprocessing = 0;
		};
/* End PBXResourcesBuildPhase section */

/* Begin PBXSourcesBuildPhase section */
		3FF25BC91E7C6859008C81D4 /* Sources */ = {
			isa = PBXSourcesBuildPhase;
			buildActionMask = 2147483647;
			files = (
				3FF25CB31E8AD54C008C81D4 /* MeuTrampoBD.xcdatamodeld in Sources */,
				3FF25C001E7C69E6008C81D4 /* Artist.swift in Sources */,
				3FF25C0A1E7C838A008C81D4 /* DescriptionViewController.swift in Sources */,
				3FF25BD11E7C6859008C81D4 /* AppDelegate.swift in Sources */,
				3FF25C041E7C6BC4008C81D4 /* ArtistTableViewCell.swift in Sources */,
				3FF25C081E7C82C8008C81D4 /* SeeMoreViewController.swift in Sources */,
				3FF25C021E7C6B15008C81D4 /* ArtistTableViewController.swift in Sources */,
				3FF25C061E7C7383008C81D4 /* ArtistViewController.swift in Sources */,
			);
			runOnlyForDeploymentPostprocessing = 0;
		};
		3FF25BDD1E7C6859008C81D4 /* Sources */ = {
			isa = PBXSourcesBuildPhase;
			buildActionMask = 2147483647;
			files = (
				3FF25BE61E7C6859008C81D4 /* musicNavBarTests.swift in Sources */,
			);
			runOnlyForDeploymentPostprocessing = 0;
		};
		3FF25BE81E7C6859008C81D4 /* Sources */ = {
			isa = PBXSourcesBuildPhase;
			buildActionMask = 2147483647;
			files = (
				3FF25BF11E7C6859008C81D4 /* musicNavBarUITests.swift in Sources */,
			);
			runOnlyForDeploymentPostprocessing = 0;
		};
/* End PBXSourcesBuildPhase section */

/* Begin PBXTargetDependency section */
		3FF25BE31E7C6859008C81D4 /* PBXTargetDependency */ = {
			isa = PBXTargetDependency;
			target = 3FF25BCC1E7C6859008C81D4 /* musicNavBar */;
			targetProxy = 3FF25BE21E7C6859008C81D4 /* PBXContainerItemProxy */;
		};
		3FF25BEE1E7C6859008C81D4 /* PBXTargetDependency */ = {
			isa = PBXTargetDependency;
			target = 3FF25BCC1E7C6859008C81D4 /* musicNavBar */;
			targetProxy = 3FF25BED1E7C6859008C81D4 /* PBXContainerItemProxy */;
		};
/* End PBXTargetDependency section */

/* Begin PBXVariantGroup section */
		3FF25BD41E7C6859008C81D4 /* Main.storyboard */ = {
			isa = PBXVariantGroup;
			children = (
				3FF25BD51E7C6859008C81D4 /* Base */,
			);
			name = Main.storyboard;
			sourceTree = "<group>";
		};
		3FF25BD91E7C6859008C81D4 /* LaunchScreen.storyboard */ = {
			isa = PBXVariantGroup;
			children = (
				3FF25BDA1E7C6859008C81D4 /* Base */,
			);
			name = LaunchScreen.storyboard;
			sourceTree = "<group>";
		};
/* End PBXVariantGroup section */

/* Begin XCBuildConfiguration section */
		3FF25BF31E7C6859008C81D4 /* Debug */ = {
			isa = XCBuildConfiguration;
			buildSettings = {
				ALWAYS_SEARCH_USER_PATHS = NO;
				CLANG_ANALYZER_NONNULL = YES;
				CLANG_CXX_LANGUAGE_STANDARD = "gnu++0x";
				CLANG_CXX_LIBRARY = "libc++";
				CLANG_ENABLE_MODULES = YES;
				CLANG_ENABLE_OBJC_ARC = YES;
				CLANG_WARN_BOOL_CONVERSION = YES;
				CLANG_WARN_CONSTANT_CONVERSION = YES;
				CLANG_WARN_DIRECT_OBJC_ISA_USAGE = YES_ERROR;
				CLANG_WARN_DOCUMENTATION_COMMENTS = YES;
				CLANG_WARN_EMPTY_BODY = YES;
				CLANG_WARN_ENUM_CONVERSION = YES;
				CLANG_WARN_INFINITE_RECURSION = YES;
				CLANG_WARN_INT_CONVERSION = YES;
				CLANG_WARN_OBJC_ROOT_CLASS = YES_ERROR;
				CLANG_WARN_SUSPICIOUS_MOVE = YES;
				CLANG_WARN_UNREACHABLE_CODE = YES;
				CLANG_WARN__DUPLICATE_METHOD_MATCH = YES;
				"CODE_SIGN_IDENTITY[sdk=iphoneos*]" = "iPhone Developer";
				COPY_PHASE_STRIP = NO;
				DEBUG_INFORMATION_FORMAT = dwarf;
				ENABLE_STRICT_OBJC_MSGSEND = YES;
				ENABLE_TESTABILITY = YES;
				GCC_C_LANGUAGE_STANDARD = gnu99;
				GCC_DYNAMIC_NO_PIC = NO;
				GCC_NO_COMMON_BLOCKS = YES;
				GCC_OPTIMIZATION_LEVEL = 0;
				GCC_PREPROCESSOR_DEFINITIONS = (
					"DEBUG=1",
					"$(inherited)",
				);
				GCC_WARN_64_TO_32_BIT_CONVERSION = YES;
				GCC_WARN_ABOUT_RETURN_TYPE = YES_ERROR;
				GCC_WARN_UNDECLARED_SELECTOR = YES;
				GCC_WARN_UNINITIALIZED_AUTOS = YES_AGGRESSIVE;
				GCC_WARN_UNUSED_FUNCTION = YES;
				GCC_WARN_UNUSED_VARIABLE = YES;
				IPHONEOS_DEPLOYMENT_TARGET = 10.2;
				MTL_ENABLE_DEBUG_INFO = YES;
				ONLY_ACTIVE_ARCH = YES;
				SDKROOT = iphoneos;
				SWIFT_ACTIVE_COMPILATION_CONDITIONS = DEBUG;
				SWIFT_OPTIMIZATION_LEVEL = "-Onone";
				TARGETED_DEVICE_FAMILY = "1,2";
			};
			name = Debug;
		};
		3FF25BF41E7C6859008C81D4 /* Release */ = {
			isa = XCBuildConfiguration;
			buildSettings = {
				ALWAYS_SEARCH_USER_PATHS = NO;
				CLANG_ANALYZER_NONNULL = YES;
				CLANG_CXX_LANGUAGE_STANDARD = "gnu++0x";
				CLANG_CXX_LIBRARY = "libc++";
				CLANG_ENABLE_MODULES = YES;
				CLANG_ENABLE_OBJC_ARC = YES;
				CLANG_WARN_BOOL_CONVERSION = YES;
				CLANG_WARN_CONSTANT_CONVERSION = YES;
				CLANG_WARN_DIRECT_OBJC_ISA_USAGE = YES_ERROR;
				CLANG_WARN_DOCUMENTATION_COMMENTS = YES;
				CLANG_WARN_EMPTY_BODY = YES;
				CLANG_WARN_ENUM_CONVERSION = YES;
				CLANG_WARN_INFINITE_RECURSION = YES;
				CLANG_WARN_INT_CONVERSION = YES;
				CLANG_WARN_OBJC_ROOT_CLASS = YES_ERROR;
				CLANG_WARN_SUSPICIOUS_MOVE = YES;
				CLANG_WARN_UNREACHABLE_CODE = YES;
				CLANG_WARN__DUPLICATE_METHOD_MATCH = YES;
				"CODE_SIGN_IDENTITY[sdk=iphoneos*]" = "iPhone Developer";
				COPY_PHASE_STRIP = NO;
				DEBUG_INFORMATION_FORMAT = "dwarf-with-dsym";
				ENABLE_NS_ASSERTIONS = NO;
				ENABLE_STRICT_OBJC_MSGSEND = YES;
				GCC_C_LANGUAGE_STANDARD = gnu99;
				GCC_NO_COMMON_BLOCKS = YES;
				GCC_WARN_64_TO_32_BIT_CONVERSION = YES;
				GCC_WARN_ABOUT_RETURN_TYPE = YES_ERROR;
				GCC_WARN_UNDECLARED_SELECTOR = YES;
				GCC_WARN_UNINITIALIZED_AUTOS = YES_AGGRESSIVE;
				GCC_WARN_UNUSED_FUNCTION = YES;
				GCC_WARN_UNUSED_VARIABLE = YES;
				IPHONEOS_DEPLOYMENT_TARGET = 10.2;
				MTL_ENABLE_DEBUG_INFO = NO;
				SDKROOT = iphoneos;
				SWIFT_OPTIMIZATION_LEVEL = "-Owholemodule";
				TARGETED_DEVICE_FAMILY = "1,2";
				VALIDATE_PRODUCT = YES;
			};
			name = Release;
		};
		3FF25BF61E7C6859008C81D4 /* Debug */ = {
			isa = XCBuildConfiguration;
			buildSettings = {
				ASSETCATALOG_COMPILER_APPICON_NAME = AppIcon;
				INFOPLIST_FILE = musicNavBar/Info.plist;
				LD_RUNPATH_SEARCH_PATHS = "$(inherited) @executable_path/Frameworks";
				PRODUCT_BUNDLE_IDENTIFIER = org.ufcg.edu.musicNavBar;
				PRODUCT_NAME = "$(TARGET_NAME)";
				SWIFT_VERSION = 3.0;
			};
			name = Debug;
		};
		3FF25BF71E7C6859008C81D4 /* Release */ = {
			isa = XCBuildConfiguration;
			buildSettings = {
				ASSETCATALOG_COMPILER_APPICON_NAME = AppIcon;
				INFOPLIST_FILE = musicNavBar/Info.plist;
				LD_RUNPATH_SEARCH_PATHS = "$(inherited) @executable_path/Frameworks";
				PRODUCT_BUNDLE_IDENTIFIER = org.ufcg.edu.musicNavBar;
				PRODUCT_NAME = "$(TARGET_NAME)";
				SWIFT_VERSION = 3.0;
			};
			name = Release;
		};
		3FF25BF91E7C6859008C81D4 /* Debug */ = {
			isa = XCBuildConfiguration;
			buildSettings = {
				ALWAYS_EMBED_SWIFT_STANDARD_LIBRARIES = YES;
				BUNDLE_LOADER = "$(TEST_HOST)";
				INFOPLIST_FILE = musicNavBarTests/Info.plist;
				LD_RUNPATH_SEARCH_PATHS = "$(inherited) @executable_path/Frameworks @loader_path/Frameworks";
				PRODUCT_BUNDLE_IDENTIFIER = org.ufcg.edu.musicNavBarTests;
				PRODUCT_NAME = "$(TARGET_NAME)";
				SWIFT_VERSION = 3.0;
				TEST_HOST = "$(BUILT_PRODUCTS_DIR)/musicNavBar.app/musicNavBar";
			};
			name = Debug;
		};
		3FF25BFA1E7C6859008C81D4 /* Release */ = {
			isa = XCBuildConfiguration;
			buildSettings = {
				ALWAYS_EMBED_SWIFT_STANDARD_LIBRARIES = YES;
				BUNDLE_LOADER = "$(TEST_HOST)";
				INFOPLIST_FILE = musicNavBarTests/Info.plist;
				LD_RUNPATH_SEARCH_PATHS = "$(inherited) @executable_path/Frameworks @loader_path/Frameworks";
				PRODUCT_BUNDLE_IDENTIFIER = org.ufcg.edu.musicNavBarTests;
				PRODUCT_NAME = "$(TARGET_NAME)";
				SWIFT_VERSION = 3.0;
				TEST_HOST = "$(BUILT_PRODUCTS_DIR)/musicNavBar.app/musicNavBar";
			};
			name = Release;
		};
		3FF25BFC1E7C6859008C81D4 /* Debug */ = {
			isa = XCBuildConfiguration;
			buildSettings = {
				ALWAYS_EMBED_SWIFT_STANDARD_LIBRARIES = YES;
				INFOPLIST_FILE = musicNavBarUITests/Info.plist;
				LD_RUNPATH_SEARCH_PATHS = "$(inherited) @executable_path/Frameworks @loader_path/Frameworks";
				PRODUCT_BUNDLE_IDENTIFIER = org.ufcg.edu.musicNavBarUITests;
				PRODUCT_NAME = "$(TARGET_NAME)";
				SWIFT_VERSION = 3.0;
				TEST_TARGET_NAME = musicNavBar;
			};
			name = Debug;
		};
		3FF25BFD1E7C6859008C81D4 /* Release */ = {
			isa = XCBuildConfiguration;
			buildSettings = {
				ALWAYS_EMBED_SWIFT_STANDARD_LIBRARIES = YES;
				INFOPLIST_FILE = musicNavBarUITests/Info.plist;
				LD_RUNPATH_SEARCH_PATHS = "$(inherited) @executable_path/Frameworks @loader_path/Frameworks";
				PRODUCT_BUNDLE_IDENTIFIER = org.ufcg.edu.musicNavBarUITests;
				PRODUCT_NAME = "$(TARGET_NAME)";
				SWIFT_VERSION = 3.0;
				TEST_TARGET_NAME = musicNavBar;
			};
			name = Release;
		};
/* End XCBuildConfiguration section */

/* Begin XCConfigurationList section */
		3FF25BC81E7C6859008C81D4 /* Build configuration list for PBXProject "musicNavBar" */ = {
			isa = XCConfigurationList;
			buildConfigurations = (
				3FF25BF31E7C6859008C81D4 /* Debug */,
				3FF25BF41E7C6859008C81D4 /* Release */,
			);
			defaultConfigurationIsVisible = 0;
			defaultConfigurationName = Release;
		};
		3FF25BF51E7C6859008C81D4 /* Build configuration list for PBXNativeTarget "musicNavBar" */ = {
			isa = XCConfigurationList;
			buildConfigurations = (
				3FF25BF61E7C6859008C81D4 /* Debug */,
				3FF25BF71E7C6859008C81D4 /* Release */,
			);
			defaultConfigurationIsVisible = 0;
			defaultConfigurationName = Release;
		};
		3FF25BF81E7C6859008C81D4 /* Build configuration list for PBXNativeTarget "musicNavBarTests" */ = {
			isa = XCConfigurationList;
			buildConfigurations = (
				3FF25BF91E7C6859008C81D4 /* Debug */,
				3FF25BFA1E7C6859008C81D4 /* Release */,
			);
			defaultConfigurationIsVisible = 0;
			defaultConfigurationName = Release;
		};
		3FF25BFB1E7C6859008C81D4 /* Build configuration list for PBXNativeTarget "musicNavBarUITests" */ = {
			isa = XCConfigurationList;
			buildConfigurations = (
				3FF25BFC1E7C6859008C81D4 /* Debug */,
				3FF25BFD1E7C6859008C81D4 /* Release */,
			);
			defaultConfigurationIsVisible = 0;
			defaultConfigurationName = Release;
		};
/* End XCConfigurationList section */

/* Begin XCVersionGroup section */
		3FF25CB11E8AD54C008C81D4 /* MeuTrampoBD.xcdatamodeld */ = {
			isa = XCVersionGroup;
			children = (
				3FF25CB21E8AD54C008C81D4 /* MeuTrampoBD.xcdatamodel */,
			);
			currentVersion = 3FF25CB21E8AD54C008C81D4 /* MeuTrampoBD.xcdatamodel */;
			path = MeuTrampoBD.xcdatamodeld;
			sourceTree = "<group>";
			versionGroupType = wrapper.xcdatamodel;
		};
/* End XCVersionGroup section */
	};
	rootObject = 3FF25BC51E7C6859008C81D4 /* Project object */;
}
